{
  "name": "slackwater-engine-tools",
  "lockfileVersion": 3,
  "requires": true,
  "packages": {
    "": {
      "name": "slackwater-engine-tools",
      "dependencies": {
        "@neaps/tide-predictor": "0.10.0"
      }
    },
    "node_modules/@neaps/tide-predictor": {
      "version": "0.10.0",
      "resolved": "https://registry.npmjs.org/@neaps/tide-predictor/-/tide-predictor-0.10.0.tgz",
      "integrity": "sha512-CE8IhegaMfDFC6mPTF7qTz0Jn+ntiG+M5FNUkiJfzXiDnOapjMEN2nn6m4Jekl11gYxKtisnQk7+JKa3ehuCcg==",
      "license": "MIT"
    }
  }
}
